
Microsoft Visual Studio Solution File, Format Version 12.00
# Visual Studio Version 17
VisualStudioVersion = 17.8.34601.278
MinimumVisualStudioVersion = 10.0.40219.1
Project("{9A19103F-16F7-4668-BE54-9A1E7A4F7556}") = "payment-service-provider.src", "payment-service-provider\payment-service-provider.src.csproj", "{5C895B50-2B2B-4476-83DE-6FC6FE289F9D}"
EndProject
Project("{9A19103F-16F7-4668-BE54-9A1E7A4F7556}") = "payment-service-provider.tests", "payment-service-provider.tests\payment-service-provider.tests.csproj", "{E35C74FE-4235-4013-AB49-CF44F9264835}"
EndProject
Global
	GlobalSection(SolutionConfigurationPlatforms) = preSolution
		Debug|Any CPU = Debug|Any CPU
		Release|Any CPU = Release|Any CPU
	EndGlobalSection
	GlobalSection(ProjectConfigurationPlatforms) = postSolution
		{5C895B50-2B2B-4476-83DE-6FC6FE289F9D}.Debug|Any CPU.ActiveCfg = Debug|Any CPU
		{5C895B50-2B2B-4476-83DE-6FC6FE289F9D}.Debug|Any CPU.Build.0 = Debug|Any CPU
		{5C895B50-2B2B-4476-83DE-6FC6FE289F9D}.Release|Any CPU.ActiveCfg = Release|Any CPU
		{5C895B50-2B2B-4476-83DE-6FC6FE289F9D}.Release|Any CPU.Build.0 = Release|Any CPU
		{E35C74FE-4235-4013-AB49-CF44F9264835}.Debug|Any CPU.ActiveCfg = Debug|Any CPU
		{E35C74FE-4235-4013-AB49-CF44F9264835}.Debug|Any CPU.Build.0 = Debug|Any CPU
		{E35C74FE-4235-4013-AB49-CF44F9264835}.Release|Any CPU.ActiveCfg = Release|Any CPU
		{E35C74FE-4235-4013-AB49-CF44F9264835}.Release|Any CPU.Build.0 = Release|Any CPU
	EndGlobalSection
	GlobalSection(SolutionProperties) = preSolution
		HideSolutionNode = FALSE
	EndGlobalSection
	GlobalSection(ExtensibilityGlobals) = postSolution
		SolutionGuid = {31274F4F-87C4-4721-A63D-587AB0015DC9}
	EndGlobalSection
EndGlobal
